
Microsoft Visual Studio Solution File, Format Version 12.00
# Visual Studio Version 17
VisualStudioVersion = 17.9.34728.123
MinimumVisualStudioVersion = 10.0.40219.1
Project("{FAE04EC0-301F-11D3-BF4B-00C04F79EFBC}") = "WEB BLOCKER", "WEB BLOCKER\WEB BLOCKER.csproj", "{2F8C171F-6878-449A-8132-60FDB390C144}"
EndProject
Global
	GlobalSection(SolutionConfigurationPlatforms) = preSolution
		Debug|Any CPU = Debug|Any CPU
		Release|Any CPU = Release|Any CPU
	EndGlobalSection
	GlobalSection(ProjectConfigurationPlatforms) = postSolution
		{2F8C171F-6878-449A-8132-60FDB390C144}.Debug|Any CPU.ActiveCfg = Debug|Any CPU
		{2F8C171F-6878-449A-8132-60FDB390C144}.Debug|Any CPU.Build.0 = Debug|Any CPU
		{2F8C171F-6878-449A-8132-60FDB390C144}.Release|Any CPU.ActiveCfg = Release|Any CPU
		{2F8C171F-6878-449A-8132-60FDB390C144}.Release|Any CPU.Build.0 = Release|Any CPU
	EndGlobalSection
	GlobalSection(SolutionProperties) = preSolution
		HideSolutionNode = FALSE
	EndGlobalSection
	GlobalSection(ExtensibilityGlobals) = postSolution
		SolutionGuid = {34CAC66B-D960-4EAF-BD9C-D3ABE1D0C46A}
	EndGlobalSection
EndGlobal
